// !$*UTF8*$!
{
	archiveVersion = 1;
	classes = {
	};
	objectVersion = 50;
	objects = {

/* Begin PBXBuildFile section */
		18B9748323A0902900D74919 /* AppDelegate.swift in Sources */ = {isa = PBXBuildFile; fileRef = 18B9748223A0902900D74919 /* AppDelegate.swift */; };
		18B9748523A0902900D74919 /* ViewController.swift in Sources */ = {isa = PBXBuildFile; fileRef = 18B9748423A0902900D74919 /* ViewController.swift */; };
		18B9748823A0902900D74919 /* Main.storyboard in Resources */ = {isa = PBXBuildFile; fileRef = 18B9748623A0902900D74919 /* Main.storyboard */; };
		18B9748A23A0902B00D74919 /* Assets.xcassets in Resources */ = {isa = PBXBuildFile; fileRef = 18B9748923A0902B00D74919 /* Assets.xcassets */; };
		18B9748D23A0902B00D74919 /* LaunchScreen.storyboard in Resources */ = {isa = PBXBuildFile; fileRef = 18B9748B23A0902B00D74919 /* LaunchScreen.storyboard */; };
		18B9749823A0902B00D74919 /* apitestingTests.swift in Sources */ = {isa = PBXBuildFile; fileRef = 18B9749723A0902B00D74919 /* apitestingTests.swift */; };
		18B974A323A0902B00D74919 /* apitestingUITests.swift in Sources */ = {isa = PBXBuildFile; fileRef = 18B974A223A0902B00D74919 /* apitestingUITests.swift */; };
/* End PBXBuildFile section */

/* Begin PBXContainerItemProxy section */
		18B9749423A0902B00D74919 /* PBXContainerItemProxy */ = {
			isa = PBXContainerItemProxy;
			containerPortal = 18B9747723A0902900D74919 /* Project object */;
			proxyType = 1;
			remoteGlobalIDString = 18B9747E23A0902900D74919;
			remoteInfo = apitesting;
		};
		18B9749F23A0902B00D74919 /* PBXContainerItemProxy */ = {
			isa = PBXContainerItemProxy;
			containerPortal = 18B9747723A0902900D74919 /* Project object */;
			proxyType = 1;
			remoteGlobalIDString = 18B9747E23A0902900D74919;
			remoteInfo = apitesting;
		};
/* End PBXContainerItemProxy section */

/* Begin PBXFileReference section */
		18B9747F23A0902900D74919 /* apitesting.app */ = {isa = PBXFileReference; explicitFileType = wrapper.application; includeInIndex = 0; path = apitesting.app; sourceTree = BUILT_PRODUCTS_DIR; };
		18B9748223A0902900D74919 /* AppDelegate.swift */ = {isa = PBXFileReference; lastKnownFileType = sourcecode.swift; path = AppDelegate.swift; sourceTree = "<group>"; };
		18B9748423A0902900D74919 /* ViewController.swift */ = {isa = PBXFileReference; lastKnownFileType = sourcecode.swift; path = ViewController.swift; sourceTree = "<group>"; };
		18B9748723A0902900D74919 /* Base */ = {isa = PBXFileReference; lastKnownFileType = file.storyboard; name = Base; path = Base.lproj/Main.storyboard; sourceTree = "<group>"; };
		18B9748923A0902B00D74919 /* Assets.xcassets */ = {isa = PBXFileReference; lastKnownFileType = folder.assetcatalog; path = Assets.xcassets; sourceTree = "<group>"; };
		18B9748C23A0902B00D74919 /* Base */ = {isa = PBXFileReference; lastKnownFileType = file.storyboard; name = Base; path = Base.lproj/LaunchScreen.storyboard; sourceTree = "<group>"; };
		18B9748E23A0902B00D74919 /* Info.plist */ = {isa = PBXFileReference; lastKnownFileType = text.plist.xml; path = Info.plist; sourceTree = "<group>"; };
		18B9749323A0902B00D74919 /* apitestingTests.xctest */ = {isa = PBXFileReference; explicitFileType = wrapper.cfbundle; includeInIndex = 0; path = apitestingTests.xctest; sourceTree = BUILT_PRODUCTS_DIR; };
		18B9749723A0902B00D74919 /* apitestingTests.swift */ = {isa = PBXFileReference; lastKnownFileType = sourcecode.swift; path = apitestingTests.swift; sourceTree = "<group>"; };
		18B9749923A0902B00D74919 /* Info.plist */ = {isa = PBXFileReference; lastKnownFileType = text.plist.xml; path = Info.plist; sourceTree = "<group>"; };
		18B9749E23A0902B00D74919 /* apitestingUITests.xctest */ = {isa = PBXFileReference; explicitFileType = wrapper.cfbundle; includeInIndex = 0; path = apitestingUITests.xctest; sourceTree = BUILT_PRODUCTS_DIR; };
		18B974A223A0902B00D74919 /* apitestingUITests.swift */ = {isa = PBXFileReference; lastKnownFileType = sourcecode.swift; path = apitestingUITests.swift; sourceTree = "<group>"; };
		18B974A423A0902B00D74919 /* Info.plist */ = {isa = PBXFileReference; lastKnownFileType = text.plist.xml; path = Info.plist; sourceTree = "<group>"; };
/* End PBXFileReference section */

/* Begin PBXFrameworksBuildPhase section */
		18B9747C23A0902900D74919 /* Frameworks */ = {
			isa = PBXFrameworksBuildPhase;
			buildActionMask = 2147483647;
			files = (
			);
			runOnlyForDeploymentPostprocessing = 0;
		};
		18B9749023A0902B00D74919 /* Frameworks */ = {
			isa = PBXFrameworksBuildPhase;
			buildActionMask = 2147483647;
			files = (
			);
			runOnlyForDeploymentPostprocessing = 0;
		};
		18B9749B23A0902B00D74919 /* Frameworks */ = {
			isa = PBXFrameworksBuildPhase;
			buildActionMask = 2147483647;
			files = (
			);
			runOnlyForDeploymentPostprocessing = 0;
		};
/* End PBXFrameworksBuildPhase section */

/* Begin PBXGroup section */
		18B9747623A0902900D74919 = {
			isa = PBXGroup;
			children = (
				18B9748123A0902900D74919 /* apitesting */,
				18B9749623A0902B00D74919 /* apitestingTests */,
				18B974A123A0902B00D74919 /* apitestingUITests */,
				18B9748023A0902900D74919 /* Products */,
			);
			sourceTree = "<group>";
		};
		18B9748023A0902900D74919 /* Products */ = {
			isa = PBXGroup;
			children = (
				18B9747F23A0902900D74919 /* apitesting.app */,
				18B9749323A0902B00D74919 /* apitestingTests.xctest */,
				18B9749E23A0902B00D74919 /* apitestingUITests.xctest */,
			);
			name = Products;
			sourceTree = "<group>";
		};
		18B9748123A0902900D74919 /* apitesting */ = {
			isa = PBXGroup;
			children = (
				18B9748223A0902900D74919 /* AppDelegate.swift */,
				18B9748423A0902900D74919 /* ViewController.swift */,
				18B9748623A0902900D74919 /* Main.storyboard */,
				18B9748923A0902B00D74919 /* Assets.xcassets */,
				18B9748B23A0902B00D74919 /* LaunchScreen.storyboard */,
				18B9748E23A0902B00D74919 /* Info.plist */,
			);
			path = apitesting;
			sourceTree = "<group>";
		};
		18B9749623A0902B00D74919 /* apitestingTests */ = {
			isa = PBXGroup;
			children = (
				18B9749723A0902B00D74919 /* apitestingTests.swift */,
				18B9749923A0902B00D74919 /* Info.plist */,
			);
			path = apitestingTests;
			sourceTree = "<group>";
		};
		18B974A123A0902B00D74919 /* apitestingUITests */ = {
			isa = PBXGroup;
			children = (
				18B974A223A0902B00D74919 /* apitestingUITests.swift */,
				18B974A423A0902B00D74919 /* Info.plist */,
			);
			path = apitestingUITests;
			sourceTree = "<group>";
		};
/* End PBXGroup section */

/* Begin PBXNativeTarget section */
		18B9747E23A0902900D74919 /* apitesting */ = {
			isa = PBXNativeTarget;
			buildConfigurationList = 18B974A723A0902B00D74919 /* Build configuration list for PBXNativeTarget "apitesting" */;
			buildPhases = (
				18B9747B23A0902900D74919 /* Sources */,
				18B9747C23A0902900D74919 /* Frameworks */,
				18B9747D23A0902900D74919 /* Resources */,
			);
			buildRules = (
			);
			dependencies = (
			);
			name = apitesting;
			productName = apitesting;
			productReference = 18B9747F23A0902900D74919 /* apitesting.app */;
			productType = "com.apple.product-type.application";
		};
		18B9749223A0902B00D74919 /* apitestingTests */ = {
			isa = PBXNativeTarget;
			buildConfigurationList = 18B974AA23A0902B00D74919 /* Build configuration list for PBXNativeTarget "apitestingTests" */;
			buildPhases = (
				18B9748F23A0902B00D74919 /* Sources */,
				18B9749023A0902B00D74919 /* Frameworks */,
				18B9749123A0902B00D74919 /* Resources */,
			);
			buildRules = (
			);
			dependencies = (
				18B9749523A0902B00D74919 /* PBXTargetDependency */,
			);
			name = apitestingTests;
			productName = apitestingTests;
			productReference = 18B9749323A0902B00D74919 /* apitestingTests.xctest */;
			productType = "com.apple.product-type.bundle.unit-test";
		};
		18B9749D23A0902B00D74919 /* apitestingUITests */ = {
			isa = PBXNativeTarget;
			buildConfigurationList = 18B974AD23A0902B00D74919 /* Build configuration list for PBXNativeTarget "apitestingUITests" */;
			buildPhases = (
				18B9749A23A0902B00D74919 /* Sources */,
				18B9749B23A0902B00D74919 /* Frameworks */,
				18B9749C23A0902B00D74919 /* Resources */,
			);
			buildRules = (
			);
			dependencies = (
				18B974A023A0902B00D74919 /* PBXTargetDependency */,
			);
			name = apitestingUITests;
			productName = apitestingUITests;
			productReference = 18B9749E23A0902B00D74919 /* apitestingUITests.xctest */;
			productType = "com.apple.product-type.bundle.ui-testing";
		};
/* End PBXNativeTarget section */

/* Begin PBXProject section */
		18B9747723A0902900D74919 /* Project object */ = {
			isa = PBXProject;
			attributes = {
				LastSwiftUpdateCheck = 1010;
				LastUpgradeCheck = 1010;
				ORGANIZATIONNAME = apple;
				TargetAttributes = {
					18B9747E23A0902900D74919 = {
						CreatedOnToolsVersion = 10.1;
					};
					18B9749223A0902B00D74919 = {
						CreatedOnToolsVersion = 10.1;
						TestTargetID = 18B9747E23A0902900D74919;
					};
					18B9749D23A0902B00D74919 = {
						CreatedOnToolsVersion = 10.1;
						TestTargetID = 18B9747E23A0902900D74919;
					};
				};
			};
			buildConfigurationList = 18B9747A23A0902900D74919 /* Build configuration list for PBXProject "apitesting" */;
			compatibilityVersion = "Xcode 9.3";
			developmentRegion = en;
			hasScannedForEncodings = 0;
			knownRegions = (
				en,
				Base,
			);
			mainGroup = 18B9747623A0902900D74919;
			productRefGroup = 18B9748023A0902900D74919 /* Products */;
			projectDirPath = "";
			projectRoot = "";
			targets = (
				18B9747E23A0902900D74919 /* apitesting */,
				18B9749223A0902B00D74919 /* apitestingTests */,
				18B9749D23A0902B00D74919 /* apitestingUITests */,
			);
		};
/* End PBXProject section */

/* Begin PBXResourcesBuildPhase section */
		18B9747D23A0902900D74919 /* Resources */ = {
			isa = PBXResourcesBuildPhase;
			buildActionMask = 2147483647;
			files = (
				18B9748D23A0902B00D74919 /* LaunchScreen.storyboard in Resources */,
				18B9748A23A0902B00D74919 /* Assets.xcassets in Resources */,
				18B9748823A0902900D74919 /* Main.storyboard in Resources */,
			);
			runOnlyForDeploymentPostprocessing = 0;
		};
		18B9749123A0902B00D74919 /* Resources */ = {
			isa = PBXResourcesBuildPhase;
			buildActionMask = 2147483647;
			files = (
			);
			runOnlyForDeploymentPostprocessing = 0;
		};
		18B9749C23A0902B00D74919 /* Resources */ = {
			isa = PBXResourcesBuildPhase;
			buildActionMask = 2147483647;
			files = (
			);
			runOnlyForDeploymentPostprocessing = 0;
		};
/* End PBXResourcesBuildPhase section */

/* Begin PBXSourcesBuildPhase section */
		18B9747B23A0902900D74919 /* Sources */ = {
			isa = PBXSourcesBuildPhase;
			buildActionMask = 2147483647;
			files = (
				18B9748523A0902900D74919 /* ViewController.swift in Sources */,
				18B9748323A0902900D74919 /* AppDelegate.swift in Sources */,
			);
			runOnlyForDeploymentPostprocessing = 0;
		};
		18B9748F23A0902B00D74919 /* Sources */ = {
			isa = PBXSourcesBuildPhase;
			buildActionMask = 2147483647;
			files = (
				18B9749823A0902B00D74919 /* apitestingTests.swift in Sources */,
			);
			runOnlyForDeploymentPostprocessing = 0;
		};
		18B9749A23A0902B00D74919 /* Sources */ = {
			isa = PBXSourcesBuildPhase;
			buildActionMask = 2147483647;
			files = (
				18B974A323A0902B00D74919 /* apitestingUITests.swift in Sources */,
			);
			runOnlyForDeploymentPostprocessing = 0;
		};
/* End PBXSourcesBuildPhase section */

/* Begin PBXTargetDependency section */
		18B9749523A0902B00D74919 /* PBXTargetDependency */ = {
			isa = PBXTargetDependency;
			target = 18B9747E23A0902900D74919 /* apitesting */;
			targetProxy = 18B9749423A0902B00D74919 /* PBXContainerItemProxy */;
		};
		18B974A023A0902B00D74919 /* PBXTargetDependency */ = {
			isa = PBXTargetDependency;
			target = 18B9747E23A0902900D74919 /* apitesting */;
			targetProxy = 18B9749F23A0902B00D74919 /* PBXContainerItemProxy */;
		};
/* End PBXTargetDependency section */

/* Begin PBXVariantGroup section */
		18B9748623A0902900D74919 /* Main.storyboard */ = {
			isa = PBXVariantGroup;
			children = (
				18B9748723A0902900D74919 /* Base */,
			);
			name = Main.storyboard;
			sourceTree = "<group>";
		};
		18B9748B23A0902B00D74919 /* LaunchScreen.storyboard */ = {
			isa = PBXVariantGroup;
			children = (
				18B9748C23A0902B00D74919 /* Base */,
			);
			name = LaunchScreen.storyboard;
			sourceTree = "<group>";
		};
/* End PBXVariantGroup section */

/* Begin XCBuildConfiguration section */
		18B974A523A0902B00D74919 /* Debug */ = {
			isa = XCBuildConfiguration;
			buildSettings = {
				ALWAYS_SEARCH_USER_PATHS = NO;
				CLANG_ANALYZER_NONNULL = YES;
				CLANG_ANALYZER_NUMBER_OBJECT_CONVERSION = YES_AGGRESSIVE;
				CLANG_CXX_LANGUAGE_STANDARD = "gnu++14";
				CLANG_CXX_LIBRARY = "libc++";
				CLANG_ENABLE_MODULES = YES;
				CLANG_ENABLE_OBJC_ARC = YES;
				CLANG_ENABLE_OBJC_WEAK = YES;
				CLANG_WARN_BLOCK_CAPTURE_AUTORELEASING = YES;
				CLANG_WARN_BOOL_CONVERSION = YES;
				CLANG_WARN_COMMA = YES;
				CLANG_WARN_CONSTANT_CONVERSION = YES;
				CLANG_WARN_DEPRECATED_OBJC_IMPLEMENTATIONS = YES;
				CLANG_WARN_DIRECT_OBJC_ISA_USAGE = YES_ERROR;
				CLANG_WARN_DOCUMENTATION_COMMENTS = YES;
				CLANG_WARN_EMPTY_BODY = YES;
				CLANG_WARN_ENUM_CONVERSION = YES;
				CLANG_WARN_INFINITE_RECURSION = YES;
				CLANG_WARN_INT_CONVERSION = YES;
				CLANG_WARN_NON_LITERAL_NULL_CONVERSION = YES;
				CLANG_WARN_OBJC_IMPLICIT_RETAIN_SELF = YES;
				CLANG_WARN_OBJC_LITERAL_CONVERSION = YES;
				CLANG_WARN_OBJC_ROOT_CLASS = YES_ERROR;
				CLANG_WARN_RANGE_LOOP_ANALYSIS = YES;
				CLANG_WARN_STRICT_PROTOTYPES = YES;
				CLANG_WARN_SUSPICIOUS_MOVE = YES;
				CLANG_WARN_UNGUARDED_AVAILABILITY = YES_AGGRESSIVE;
				CLANG_WARN_UNREACHABLE_CODE = YES;
				CLANG_WARN__DUPLICATE_METHOD_MATCH = YES;
				CODE_SIGN_IDENTITY = "iPhone Developer";
				COPY_PHASE_STRIP = NO;
				DEBUG_INFORMATION_FORMAT = dwarf;
				ENABLE_STRICT_OBJC_MSGSEND = YES;
				ENABLE_TESTABILITY = YES;
				GCC_C_LANGUAGE_STANDARD = gnu11;
				GCC_DYNAMIC_NO_PIC = NO;
				GCC_NO_COMMON_BLOCKS = YES;
				GCC_OPTIMIZATION_LEVEL = 0;
				GCC_PREPROCESSOR_DEFINITIONS = (
					"DEBUG=1",
					"$(inherited)",
				);
				GCC_WARN_64_TO_32_BIT_CONVERSION = YES;
				GCC_WARN_ABOUT_RETURN_TYPE = YES_ERROR;
				GCC_WARN_UNDECLARED_SELECTOR = YES;
				GCC_WARN_UNINITIALIZED_AUTOS = YES_AGGRESSIVE;
				GCC_WARN_UNUSED_FUNCTION = YES;
				GCC_WARN_UNUSED_VARIABLE = YES;
				IPHONEOS_DEPLOYMENT_TARGET = 12.1;
				MTL_ENABLE_DEBUG_INFO = INCLUDE_SOURCE;
				MTL_FAST_MATH = YES;
				ONLY_ACTIVE_ARCH = YES;
				SDKROOT = iphoneos;
				SWIFT_ACTIVE_COMPILATION_CONDITIONS = DEBUG;
				SWIFT_OPTIMIZATION_LEVEL = "-Onone";
			};
			name = Debug;
		};
		18B974A623A0902B00D74919 /* Release */ = {
			isa = XCBuildConfiguration;
			buildSettings = {
				ALWAYS_SEARCH_USER_PATHS = NO;
				CLANG_ANALYZER_NONNULL = YES;
				CLANG_ANALYZER_NUMBER_OBJECT_CONVERSION = YES_AGGRESSIVE;
				CLANG_CXX_LANGUAGE_STANDARD = "gnu++14";
				CLANG_CXX_LIBRARY = "libc++";
				CLANG_ENABLE_MODULES = YES;
				CLANG_ENABLE_OBJC_ARC = YES;
				CLANG_ENABLE_OBJC_WEAK = YES;
				CLANG_WARN_BLOCK_CAPTURE_AUTORELEASING = YES;
				CLANG_WARN_BOOL_CONVERSION = YES;
				CLANG_WARN_COMMA = YES;
				CLANG_WARN_CONSTANT_CONVERSION = YES;
				CLANG_WARN_DEPRECATED_OBJC_IMPLEMENTATIONS = YES;
				CLANG_WARN_DIRECT_OBJC_ISA_USAGE = YES_ERROR;
				CLANG_WARN_DOCUMENTATION_COMMENTS = YES;
				CLANG_WARN_EMPTY_BODY = YES;
				CLANG_WARN_ENUM_CONVERSION = YES;
				CLANG_WARN_INFINITE_RECURSION = YES;
				CLANG_WARN_INT_CONVERSION = YES;
				CLANG_WARN_NON_LITERAL_NULL_CONVERSION = YES;
				CLANG_WARN_OBJC_IMPLICIT_RETAIN_SELF = YES;
				CLANG_WARN_OBJC_LITERAL_CONVERSION = YES;
				CLANG_WARN_OBJC_ROOT_CLASS = YES_ERROR;
				CLANG_WARN_RANGE_LOOP_ANALYSIS = YES;
				CLANG_WARN_STRICT_PROTOTYPES = YES;
				CLANG_WARN_SUSPICIOUS_MOVE = YES;
				CLANG_WARN_UNGUARDED_AVAILABILITY = YES_AGGRESSIVE;
				CLANG_WARN_UNREACHABLE_CODE = YES;
				CLANG_WARN__DUPLICATE_METHOD_MATCH = YES;
				CODE_SIGN_IDENTITY = "iPhone Developer";
				COPY_PHASE_STRIP = NO;
				DEBUG_INFORMATION_FORMAT = "dwarf-with-dsym";
				ENABLE_NS_ASSERTIONS = NO;
				ENABLE_STRICT_OBJC_MSGSEND = YES;
				GCC_C_LANGUAGE_STANDARD = gnu11;
				GCC_NO_COMMON_BLOCKS = YES;
				GCC_WARN_64_TO_32_BIT_CONVERSION = YES;
				GCC_WARN_ABOUT_RETURN_TYPE = YES_ERROR;
				GCC_WARN_UNDECLARED_SELECTOR = YES;
				GCC_WARN_UNINITIALIZED_AUTOS = YES_AGGRESSIVE;
				GCC_WARN_UNUSED_FUNCTION = YES;
				GCC_WARN_UNUSED_VARIABLE = YES;
				IPHONEOS_DEPLOYMENT_TARGET = 12.1;
				MTL_ENABLE_DEBUG_INFO = NO;
				MTL_FAST_MATH = YES;
				SDKROOT = iphoneos;
				SWIFT_COMPILATION_MODE = wholemodule;
				SWIFT_OPTIMIZATION_LEVEL = "-O";
				VALIDATE_PRODUCT = YES;
			};
			name = Release;
		};
		18B974A823A0902B00D74919 /* Debug */ = {
			isa = XCBuildConfiguration;
			buildSettings = {
				ASSETCATALOG_COMPILER_APPICON_NAME = AppIcon;
				CODE_SIGN_STYLE = Automatic;
				DEVELOPMENT_TEAM = DYETPC8RLW;
				INFOPLIST_FILE = apitesting/Info.plist;
				LD_RUNPATH_SEARCH_PATHS = (
					"$(inherited)",
					"@executable_path/Frameworks",
				);
				PRODUCT_BUNDLE_IDENTIFIER = kkk.apitesting;
				PRODUCT_NAME = "$(TARGET_NAME)";
				SWIFT_VERSION = 4.2;
				TARGETED_DEVICE_FAMILY = "1,2";
			};
			name = Debug;
		};
		18B974A923A0902B00D74919 /* Release */ = {
			isa = XCBuildConfiguration;
			buildSettings = {
				ASSETCATALOG_COMPILER_APPICON_NAME = AppIcon;
				CODE_SIGN_STYLE = Automatic;
				DEVELOPMENT_TEAM = DYETPC8RLW;
				INFOPLIST_FILE = apitesting/Info.plist;
				LD_RUNPATH_SEARCH_PATHS = (
					"$(inherited)",
					"@executable_path/Frameworks",
				);
				PRODUCT_BUNDLE_IDENTIFIER = kkk.apitesting;
				PRODUCT_NAME = "$(TARGET_NAME)";
				SWIFT_VERSION = 4.2;
				TARGETED_DEVICE_FAMILY = "1,2";
			};
			name = Release;
		};
		18B974AB23A0902B00D74919 /* Debug */ = {
			isa = XCBuildConfiguration;
			buildSettings = {
				ALWAYS_EMBED_SWIFT_STANDARD_LIBRARIES = YES;
				BUNDLE_LOADER = "$(TEST_HOST)";
				CODE_SIGN_STYLE = Automatic;
				DEVELOPMENT_TEAM = DYETPC8RLW;
				INFOPLIST_FILE = apitestingTests/Info.plist;
				LD_RUNPATH_SEARCH_PATHS = (
					"$(inherited)",
					"@executable_path/Frameworks",
					"@loader_path/Frameworks",
				);
				PRODUCT_BUNDLE_IDENTIFIER = kkk.apitestingTests;
				PRODUCT_NAME = "$(TARGET_NAME)";
				SWIFT_VERSION = 4.2;
				TARGETED_DEVICE_FAMILY = "1,2";
				TEST_HOST = "$(BUILT_PRODUCTS_DIR)/apitesting.app/apitesting";
			};
			name = Debug;
		};
		18B974AC23A0902B00D74919 /* Release */ = {
			isa = XCBuildConfiguration;
			buildSettings = {
				ALWAYS_EMBED_SWIFT_STANDARD_LIBRARIES = YES;
				BUNDLE_LOADER = "$(TEST_HOST)";
				CODE_SIGN_STYLE = Automatic;
				DEVELOPMENT_TEAM = DYETPC8RLW;
				INFOPLIST_FILE = apitestingTests/Info.plist;
				LD_RUNPATH_SEARCH_PATHS = (
					"$(inherited)",
					"@executable_path/Frameworks",
					"@loader_path/Frameworks",
				);
				PRODUCT_BUNDLE_IDENTIFIER = kkk.apitestingTests;
				PRODUCT_NAME = "$(TARGET_NAME)";
				SWIFT_VERSION = 4.2;
				TARGETED_DEVICE_FAMILY = "1,2";
				TEST_HOST = "$(BUILT_PRODUCTS_DIR)/apitesting.app/apitesting";
			};
			name = Release;
		};
		18B974AE23A0902B00D74919 /* Debug */ = {
			isa = XCBuildConfiguration;
			buildSettings = {
				ALWAYS_EMBED_SWIFT_STANDARD_LIBRARIES = YES;
				CODE_SIGN_STYLE = Automatic;
				DEVELOPMENT_TEAM = DYETPC8RLW;
				INFOPLIST_FILE = apitestingUITests/Info.plist;
				LD_RUNPATH_SEARCH_PATHS = (
					"$(inherited)",
					"@executable_path/Frameworks",
					"@loader_path/Frameworks",
				);
				PRODUCT_BUNDLE_IDENTIFIER = kkk.apitestingUITests;
				PRODUCT_NAME = "$(TARGET_NAME)";
				SWIFT_VERSION = 4.2;
				TARGETED_DEVICE_FAMILY = "1,2";
				TEST_TARGET_NAME = apitesting;
			};
			name = Debug;
		};
		18B974AF23A0902B00D74919 /* Release */ = {
			isa = XCBuildConfiguration;
			buildSettings = {
				ALWAYS_EMBED_SWIFT_STANDARD_LIBRARIES = YES;
				CODE_SIGN_STYLE = Automatic;
				DEVELOPMENT_TEAM = DYETPC8RLW;
				INFOPLIST_FILE = apitestingUITests/Info.plist;
				LD_RUNPATH_SEARCH_PATHS = (
					"$(inherited)",
					"@executable_path/Frameworks",
					"@loader_path/Frameworks",
				);
				PRODUCT_BUNDLE_IDENTIFIER = kkk.apitestingUITests;
				PRODUCT_NAME = "$(TARGET_NAME)";
				SWIFT_VERSION = 4.2;
				TARGETED_DEVICE_FAMILY = "1,2";
				TEST_TARGET_NAME = apitesting;
			};
			name = Release;
		};
/* End XCBuildConfiguration section */

/* Begin XCConfigurationList section */
		18B9747A23A0902900D74919 /* Build configuration list for PBXProject "apitesting" */ = {
			isa = XCConfigurationList;
			buildConfigurations = (
				18B974A523A0902B00D74919 /* Debug */,
				18B974A623A0902B00D74919 /* Release */,
			);
			defaultConfigurationIsVisible = 0;
			defaultConfigurationName = Release;
		};
		18B974A723A0902B00D74919 /* Build configuration list for PBXNativeTarget "apitesting" */ = {
			isa = XCConfigurationList;
			buildConfigurations = (
				18B974A823A0902B00D74919 /* Debug */,
				18B974A923A0902B00D74919 /* Release */,
			);
			defaultConfigurationIsVisible = 0;
			defaultConfigurationName = Release;
		};
		18B974AA23A0902B00D74919 /* Build configuration list for PBXNativeTarget "apitestingTests" */ = {
			isa = XCConfigurationList;
			buildConfigurations = (
				18B974AB23A0902B00D74919 /* Debug */,
				18B974AC23A0902B00D74919 /* Release */,
			);
			defaultConfigurationIsVisible = 0;
			defaultConfigurationName = Release;
		};
		18B974AD23A0902B00D74919 /* Build configuration list for PBXNativeTarget "apitestingUITests" */ = {
			isa = XCConfigurationList;
			buildConfigurations = (
				18B974AE23A0902B00D74919 /* Debug */,
				18B974AF23A0902B00D74919 /* Release */,
			);
			defaultConfigurationIsVisible = 0;
			defaultConfigurationName = Release;
		};
/* End XCConfigurationList section */
	};
	rootObject = 18B9747723A0902900D74919 /* Project object */;
}
